
Microsoft Visual Studio Solution File, Format Version 12.00
# Visual Studio Version 17
VisualStudioVersion = 17.9.34616.47
MinimumVisualStudioVersion = 10.0.40219.1
Project("{9A19103F-16F7-4668-BE54-9A1E7A4F7556}") = "FinancalWidgetCharts", "WebApplication2\FinancalWidgetCharts.csproj", "{5464E1B0-CFD0-4A3C-B048-DB0A499E6FF6}"
EndProject
Global
	GlobalSection(SolutionConfigurationPlatforms) = preSolution
		Debug|Any CPU = Debug|Any CPU
		Release|Any CPU = Release|Any CPU
	EndGlobalSection
	GlobalSection(ProjectConfigurationPlatforms) = postSolution
		{5464E1B0-CFD0-4A3C-B048-DB0A499E6FF6}.Debug|Any CPU.ActiveCfg = Debug|Any CPU
		{5464E1B0-CFD0-4A3C-B048-DB0A499E6FF6}.Debug|Any CPU.Build.0 = Debug|Any CPU
		{5464E1B0-CFD0-4A3C-B048-DB0A499E6FF6}.Release|Any CPU.ActiveCfg = Release|Any CPU
		{5464E1B0-CFD0-4A3C-B048-DB0A499E6FF6}.Release|Any CPU.Build.0 = Release|Any CPU
	EndGlobalSection
	GlobalSection(SolutionProperties) = preSolution
		HideSolutionNode = FALSE
	EndGlobalSection
	GlobalSection(ExtensibilityGlobals) = postSolution
		SolutionGuid = {F48B2F1A-F000-4DE0-B7F8-C0C047284CD1}
	EndGlobalSection
EndGlobal
